
Microsoft Visual Studio Solution File, Format Version 11.00
# Visual Studio 2010
Project("{FAE04EC0-301F-11D3-BF4B-00C04F79EFBC}") = "EpForceDirectedGraphDemo", "EpForceDirectedGraphDemo.csproj", "{3DBA81A8-BE6E-4487-9E8D-B69C32D7E5BC}"
EndProject
Project("{FAE04EC0-301F-11D3-BF4B-00C04F79EFBC}") = "EpForceDirectedGraph.cs", "..\EpForceDirectedGraph.cs\EpForceDirectedGraph.cs\EpForceDirectedGraph.cs.csproj", "{5101EF75-EA7D-439A-A5BE-8FCC7F5931C5}"
EndProject
Global
	GlobalSection(SolutionConfigurationPlatforms) = preSolution
		Debug|Any CPU = Debug|Any CPU
		Debug|Mixed Platforms = Debug|Mixed Platforms
		Debug|x86 = Debug|x86
		Release|Any CPU = Release|Any CPU
		Release|Mixed Platforms = Release|Mixed Platforms
		Release|x86 = Release|x86
	EndGlobalSection
	GlobalSection(ProjectConfigurationPlatforms) = postSolution
		{3DBA81A8-BE6E-4487-9E8D-B69C32D7E5BC}.Debug|Any CPU.ActiveCfg = Debug|x86
		{3DBA81A8-BE6E-4487-9E8D-B69C32D7E5BC}.Debug|Mixed Platforms.ActiveCfg = Debug|x86
		{3DBA81A8-BE6E-4487-9E8D-B69C32D7E5BC}.Debug|Mixed Platforms.Build.0 = Debug|x86
		{3DBA81A8-BE6E-4487-9E8D-B69C32D7E5BC}.Debug|x86.ActiveCfg = Debug|x86
		{3DBA81A8-BE6E-4487-9E8D-B69C32D7E5BC}.Debug|x86.Build.0 = Debug|x86
		{3DBA81A8-BE6E-4487-9E8D-B69C32D7E5BC}.Release|Any CPU.ActiveCfg = Release|x86
		{3DBA81A8-BE6E-4487-9E8D-B69C32D7E5BC}.Release|Mixed Platforms.ActiveCfg = Release|x86
		{3DBA81A8-BE6E-4487-9E8D-B69C32D7E5BC}.Release|Mixed Platforms.Build.0 = Release|x86
		{3DBA81A8-BE6E-4487-9E8D-B69C32D7E5BC}.Release|x86.ActiveCfg = Release|x86
		{3DBA81A8-BE6E-4487-9E8D-B69C32D7E5BC}.Release|x86.Build.0 = Release|x86
		{5101EF75-EA7D-439A-A5BE-8FCC7F5931C5}.Debug|Any CPU.ActiveCfg = Debug|Any CPU
		{5101EF75-EA7D-439A-A5BE-8FCC7F5931C5}.Debug|Any CPU.Build.0 = Debug|Any CPU
		{5101EF75-EA7D-439A-A5BE-8FCC7F5931C5}.Debug|Mixed Platforms.ActiveCfg = Debug|Any CPU
		{5101EF75-EA7D-439A-A5BE-8FCC7F5931C5}.Debug|Mixed Platforms.Build.0 = Debug|Any CPU
		{5101EF75-EA7D-439A-A5BE-8FCC7F5931C5}.Debug|x86.ActiveCfg = Debug|Any CPU
		{5101EF75-EA7D-439A-A5BE-8FCC7F5931C5}.Release|Any CPU.ActiveCfg = Release|Any CPU
		{5101EF75-EA7D-439A-A5BE-8FCC7F5931C5}.Release|Any CPU.Build.0 = Release|Any CPU
		{5101EF75-EA7D-439A-A5BE-8FCC7F5931C5}.Release|Mixed Platforms.ActiveCfg = Release|Any CPU
		{5101EF75-EA7D-439A-A5BE-8FCC7F5931C5}.Release|Mixed Platforms.Build.0 = Release|Any CPU
		{5101EF75-EA7D-439A-A5BE-8FCC7F5931C5}.Release|x86.ActiveCfg = Release|Any CPU
	EndGlobalSection
	GlobalSection(SolutionProperties) = preSolution
		HideSolutionNode = FALSE
	EndGlobalSection
EndGlobal
